
Microsoft Visual Studio Solution File, Format Version 12.00
# Visual Studio Version 16
VisualStudioVersion = 16.0.31019.35
MinimumVisualStudioVersion = 10.0.40219.1
Project("{FAE04EC0-301F-11D3-BF4B-00C04F79EFBC}") = "BackEnd", "BackEnd\BackEnd.csproj", "{F4F85ED2-B8FC-4DD0-88A8-220C0E4CDCD6}"
EndProject
Global
	GlobalSection(SolutionConfigurationPlatforms) = preSolution
		Debug|Any CPU = Debug|Any CPU
		Release|Any CPU = Release|Any CPU
	EndGlobalSection
	GlobalSection(ProjectConfigurationPlatforms) = postSolution
		{F4F85ED2-B8FC-4DD0-88A8-220C0E4CDCD6}.Debug|Any CPU.ActiveCfg = Debug|Any CPU
		{F4F85ED2-B8FC-4DD0-88A8-220C0E4CDCD6}.Debug|Any CPU.Build.0 = Debug|Any CPU
		{F4F85ED2-B8FC-4DD0-88A8-220C0E4CDCD6}.Release|Any CPU.ActiveCfg = Release|Any CPU
		{F4F85ED2-B8FC-4DD0-88A8-220C0E4CDCD6}.Release|Any CPU.Build.0 = Release|Any CPU
	EndGlobalSection
	GlobalSection(SolutionProperties) = preSolution
		HideSolutionNode = FALSE
	EndGlobalSection
	GlobalSection(ExtensibilityGlobals) = postSolution
		SolutionGuid = {9D933D6C-5E54-4C03-BE0C-22E9EEB0F485}
	EndGlobalSection
EndGlobal
