
Microsoft Visual Studio Solution File, Format Version 12.00
# Visual Studio Version 16
VisualStudioVersion = 16.0.31410.357
MinimumVisualStudioVersion = 10.0.40219.1
Project("{9A19103F-16F7-4668-BE54-9A1E7A4F7556}") = "BgGlobalChallenge", "BgGlobalChallenge\BgGlobalChallenge.csproj", "{22E65FC4-FA4A-4A55-9C94-5DFB33BA1EBA}"
EndProject
Project("{FAE04EC0-301F-11D3-BF4B-00C04F79EFBC}") = "UnitTests", "UnitTests\UnitTests.csproj", "{C0CA14F6-78CC-413F-895C-086360AC851B}"
EndProject
Global
	GlobalSection(SolutionConfigurationPlatforms) = preSolution
		Debug|Any CPU = Debug|Any CPU
		Release|Any CPU = Release|Any CPU
	EndGlobalSection
	GlobalSection(ProjectConfigurationPlatforms) = postSolution
		{22E65FC4-FA4A-4A55-9C94-5DFB33BA1EBA}.Debug|Any CPU.ActiveCfg = Debug|Any CPU
		{22E65FC4-FA4A-4A55-9C94-5DFB33BA1EBA}.Debug|Any CPU.Build.0 = Debug|Any CPU
		{22E65FC4-FA4A-4A55-9C94-5DFB33BA1EBA}.Release|Any CPU.ActiveCfg = Release|Any CPU
		{22E65FC4-FA4A-4A55-9C94-5DFB33BA1EBA}.Release|Any CPU.Build.0 = Release|Any CPU
		{C0CA14F6-78CC-413F-895C-086360AC851B}.Debug|Any CPU.ActiveCfg = Debug|Any CPU
		{C0CA14F6-78CC-413F-895C-086360AC851B}.Debug|Any CPU.Build.0 = Debug|Any CPU
		{C0CA14F6-78CC-413F-895C-086360AC851B}.Release|Any CPU.ActiveCfg = Release|Any CPU
		{C0CA14F6-78CC-413F-895C-086360AC851B}.Release|Any CPU.Build.0 = Release|Any CPU
	EndGlobalSection
	GlobalSection(SolutionProperties) = preSolution
		HideSolutionNode = FALSE
	EndGlobalSection
	GlobalSection(ExtensibilityGlobals) = postSolution
		SolutionGuid = {73E05B38-9D76-49D9-9516-F27668FB4D60}
	EndGlobalSection
EndGlobal
